# This file is automatically @generated by Cargo.
# It is not intended for manual editing.
version = 3

[[package]]
name = "custom-package"
version = "1.0.0"
source = "registry+https://custom-registry.example.com"

[[package]]
name = "custom_registry_project"
version = "0.1.0"
dependencies = [
 "custom-package",
]
