# This file is automatically @generated by Cargo.
# It is not intended for manual editing.
version = 3

[[package]]
name = "chrono"
version = "0.4.35"
source = "registry+https://github.com/rust-lang/crates.io-index"

[[package]]
name = "core"
version = "0.1.0"
dependencies = [
 "log",
 "serde",
 "tokio",
]

[[package]]
name = "env_logger"
version = "0.10.2"
source = "registry+https://github.com/rust-lang/crates.io-index"
dependencies = [
 "log",
]

[[package]]
name = "log"
version = "0.4.21"
source = "registry+https://github.com/rust-lang/crates.io-index"

[[package]]
name = "serde"
version = "1.0.197"
source = "registry+https://github.com/rust-lang/crates.io-index"

[[package]]
name = "tokio"
version = "1.36.0"
source = "registry+https://github.com/rust-lang/crates.io-index"

[[package]]
name = "utils"
version = "0.1.0"
dependencies = [
 "chrono",
 "env_logger",
 "log",
]
