# This file is automatically @generated by Cargo.
# It is not intended for manual editing.
version = 3

[[package]]
name = "anyhow"
version = "1.0.80"
source = "registry+https://github.com/rust-lang/crates.io-index"
checksum = "3da60dce8383e6513914a1ac79bf6a570d1d54456e5793a5c92def3437c18c7a"

[[package]]
name = "serde"
version = "1.0.197"
source = "registry+https://github.com/rust-lang/crates.io-index"
checksum = "3fb0efb83e9f73384aee54e108a3f8d16e4faf42be42e6e88b9af8ee22a4915d"
dependencies = [
 "serde_derive",
]

[[package]]
name = "serde_derive"
version = "1.0.197"
source = "registry+https://github.com/rust-lang/crates.io-index"
checksum = "88e57ad4d257d9e5408cf2c499180c6118b75d37a7e6492e5b093d395e7f85ad"
dependencies = [
 "proc-macro2",
 "quote",
 "syn",
]

[[package]]
name = "simple_project"
version = "0.1.0"
dependencies = [
 "anyhow",
 "serde",
 "tokio-test",
]

[[package]]
name = "tokio"
version = "1.36.0"
source = "registry+https://github.com/rust-lang/crates.io-index"
checksum = "61a31736f51737d66d0d763bda5d82d2c5c818cea64a2d8dadbfed4b4f723f53"

[[package]]
name = "tokio-test"
version = "0.4.3"
source = "registry+https://github.com/rust-lang/crates.io-index"
checksum = "1766adc9d8f1b19c57277329ca5c506fd89583f0345de3dfc546087e7929e624"
dependencies = [
 "tokio",
]

[[package]]
name = "proc-macro2"
version = "1.0.79"
source = "registry+https://github.com/rust-lang/crates.io-index"
checksum = "e82c968234504336c2a147af0920dd057529e67e037f2c5a22d4c512aaa327ca"

[[package]]
name = "quote"
version = "1.0.35"
source = "registry+https://github.com/rust-lang/crates.io-index"
checksum = "291144792c21a0286482873cc966b9ca41ae0bdee21e9d8d41f0beecd80bf4ec"

[[package]]
name = "syn"
version = "2.0.52"
source = "registry+https://github.com/rust-lang/crates.io-index"
checksum = "b8bd1da6a5335d660da987d77a0a2f2cc2fae449de74116892b7a1c1a92d1595"
